# THIS IS AN AUTOGENERATED FILE. DO NOT EDIT THIS FILE DIRECTLY.
# yarn lockfile v1


invariant@^2.2.2:
  version "2.2.2"
  resolved "https://registry.yarnpkg.com/invariant/-/invariant-2.2.2.tgz#9e1f56ac0acdb6bf303306f338be3b204ae60360"
  dependencies:
    loose-envify "^1.0.0"

js-tokens@^3.0.0:
  version "3.0.2"
  resolved "https://registry.yarnpkg.com/js-tokens/-/js-tokens-3.0.2.tgz#9866df395102130e38f7f996bceb65443209c25b"

loose-envify@^1.0.0:
  version "1.3.1"
  resolved "https://registry.yarnpkg.com/loose-envify/-/loose-envify-1.3.1.tgz#d1a8ad33fa9ce0e713d65fdd0ac8b748d478c848"
  dependencies:
    js-tokens "^3.0.0"

react-native-module-check@^2.0.0:
  version "2.0.0"
  resolved "https://registry.yarnpkg.com/react-native-module-check/-/react-native-module-check-2.0.0.tgz#ebf92f572efc527104291af4a6550e2ccf0e10ac"
  dependencies:
    invariant "^2.2.2"
    warning "^3.0.0"

react-native-module-guard@^1.2.0:
  version "1.2.0"
  resolved "https://registry.yarnpkg.com/react-native-module-guard/-/react-native-module-guard-1.2.0.tgz#2869a61aa29ec6a72424b29a0db08fbd186ffa6a"
  dependencies:
    warning "^3.0.0"

react-native-package@^1.3.0:
  version "1.3.0"
  resolved "https://registry.yarnpkg.com/react-native-package/-/react-native-package-1.3.0.tgz#d080734f9e570223eb02d6419ff239da219b975e"
  dependencies:
    react-native-module-check "^2.0.0"
    react-native-module-guard "^1.2.0"

warning@^3.0.0:
  version "3.0.0"
  resolved "https://registry.yarnpkg.com/warning/-/warning-3.0.0.tgz#32e5377cb572de4ab04753bdf8821c01ed605b7c"
  dependencies:
    loose-envify "^1.0.0"
